// !$*UTF8*$!
{
	archiveVersion = 1;
	classes = {
	};
	objectVersion = 50;
	objects = {

/* Begin PBXBuildFile section */
		9F3957442202B7A700F2E423 /* AppDelegate.m in Sources */ = {isa = PBXBuildFile; fileRef = 9F3957432202B7A700F2E423 /* AppDelegate.m */; };
		9F39574A2202B7A700F2E423 /* Main.storyboard in Resources */ = {isa = PBXBuildFile; fileRef = 9F3957482202B7A700F2E423 /* Main.storyboard */; };
		9F39574D2202B7A700F2E423 /* PruebaTodo1.xcdatamodeld in Sources */ = {isa = PBXBuildFile; fileRef = 9F39574B2202B7A700F2E423 /* PruebaTodo1.xcdatamodeld */; };
		9F39574F2202B7A700F2E423 /* Assets.xcassets in Resources */ = {isa = PBXBuildFile; fileRef = 9F39574E2202B7A700F2E423 /* Assets.xcassets */; };
		9F3957522202B7A700F2E423 /* LaunchScreen.storyboard in Resources */ = {isa = PBXBuildFile; fileRef = 9F3957502202B7A700F2E423 /* LaunchScreen.storyboard */; };
		9F3957552202B7A700F2E423 /* main.m in Sources */ = {isa = PBXBuildFile; fileRef = 9F3957542202B7A700F2E423 /* main.m */; };
		9F39575F2202B7A700F2E423 /* PruebaTodo1Tests.m in Sources */ = {isa = PBXBuildFile; fileRef = 9F39575E2202B7A700F2E423 /* PruebaTodo1Tests.m */; };
		9F39576A2202B7A700F2E423 /* PruebaTodo1UITests.m in Sources */ = {isa = PBXBuildFile; fileRef = 9F3957692202B7A700F2E423 /* PruebaTodo1UITests.m */; };
		9F3957852202BD6500F2E423 /* HomeViewController.m in Sources */ = {isa = PBXBuildFile; fileRef = 9F3957842202BD6500F2E423 /* HomeViewController.m */; };
		9F39578B2202D41700F2E423 /* ListResultTableViewController.m in Sources */ = {isa = PBXBuildFile; fileRef = 9F39578A2202D41700F2E423 /* ListResultTableViewController.m */; };
		9F39578E2202E60700F2E423 /* GameDetailTableViewController.m in Sources */ = {isa = PBXBuildFile; fileRef = 9F39578D2202E60700F2E423 /* GameDetailTableViewController.m */; };
		9F3957922202ED9C00F2E423 /* SearchTableViewCell.m in Sources */ = {isa = PBXBuildFile; fileRef = 9F3957912202ED9C00F2E423 /* SearchTableViewCell.m */; };
		9F3957952202EDB500F2E423 /* ImageTableViewCell.m in Sources */ = {isa = PBXBuildFile; fileRef = 9F3957942202EDB500F2E423 /* ImageTableViewCell.m */; };
		9F3957982202EDC700F2E423 /* PropertiesTableViewCell.m in Sources */ = {isa = PBXBuildFile; fileRef = 9F3957972202EDC700F2E423 /* PropertiesTableViewCell.m */; };
		9F39579B2202EDDC00F2E423 /* DescriptionTableViewCell.m in Sources */ = {isa = PBXBuildFile; fileRef = 9F39579A2202EDDC00F2E423 /* DescriptionTableViewCell.m */; };
		9F39579E2202EDE800F2E423 /* ShareTableViewCell.m in Sources */ = {isa = PBXBuildFile; fileRef = 9F39579D2202EDE800F2E423 /* ShareTableViewCell.m */; };
/* End PBXBuildFile section */

/* Begin PBXContainerItemProxy section */
		9F39575B2202B7A700F2E423 /* PBXContainerItemProxy */ = {
			isa = PBXContainerItemProxy;
			containerPortal = 9F3957372202B7A700F2E423 /* Project object */;
			proxyType = 1;
			remoteGlobalIDString = 9F39573E2202B7A700F2E423;
			remoteInfo = PruebaTodo1;
		};
		9F3957662202B7A700F2E423 /* PBXContainerItemProxy */ = {
			isa = PBXContainerItemProxy;
			containerPortal = 9F3957372202B7A700F2E423 /* Project object */;
			proxyType = 1;
			remoteGlobalIDString = 9F39573E2202B7A700F2E423;
			remoteInfo = PruebaTodo1;
		};
/* End PBXContainerItemProxy section */

/* Begin PBXFileReference section */
		9F39573F2202B7A700F2E423 /* PruebaTodo1.app */ = {isa = PBXFileReference; explicitFileType = wrapper.application; includeInIndex = 0; path = PruebaTodo1.app; sourceTree = BUILT_PRODUCTS_DIR; };
		9F3957422202B7A700F2E423 /* AppDelegate.h */ = {isa = PBXFileReference; lastKnownFileType = sourcecode.c.h; path = AppDelegate.h; sourceTree = "<group>"; };
		9F3957432202B7A700F2E423 /* AppDelegate.m */ = {isa = PBXFileReference; lastKnownFileType = sourcecode.c.objc; path = AppDelegate.m; sourceTree = "<group>"; };
		9F3957492202B7A700F2E423 /* Base */ = {isa = PBXFileReference; lastKnownFileType = file.storyboard; name = Base; path = Base.lproj/Main.storyboard; sourceTree = "<group>"; };
		9F39574C2202B7A700F2E423 /* PruebaTodo1.xcdatamodel */ = {isa = PBXFileReference; lastKnownFileType = wrapper.xcdatamodel; path = PruebaTodo1.xcdatamodel; sourceTree = "<group>"; };
		9F39574E2202B7A700F2E423 /* Assets.xcassets */ = {isa = PBXFileReference; lastKnownFileType = folder.assetcatalog; path = Assets.xcassets; sourceTree = "<group>"; };
		9F3957512202B7A700F2E423 /* Base */ = {isa = PBXFileReference; lastKnownFileType = file.storyboard; name = Base; path = Base.lproj/LaunchScreen.storyboard; sourceTree = "<group>"; };
		9F3957532202B7A700F2E423 /* Info.plist */ = {isa = PBXFileReference; lastKnownFileType = text.plist.xml; path = Info.plist; sourceTree = "<group>"; };
		9F3957542202B7A700F2E423 /* main.m */ = {isa = PBXFileReference; lastKnownFileType = sourcecode.c.objc; path = main.m; sourceTree = "<group>"; };
		9F39575A2202B7A700F2E423 /* PruebaTodo1Tests.xctest */ = {isa = PBXFileReference; explicitFileType = wrapper.cfbundle; includeInIndex = 0; path = PruebaTodo1Tests.xctest; sourceTree = BUILT_PRODUCTS_DIR; };
		9F39575E2202B7A700F2E423 /* PruebaTodo1Tests.m */ = {isa = PBXFileReference; lastKnownFileType = sourcecode.c.objc; path = PruebaTodo1Tests.m; sourceTree = "<group>"; };
		9F3957602202B7A700F2E423 /* Info.plist */ = {isa = PBXFileReference; lastKnownFileType = text.plist.xml; path = Info.plist; sourceTree = "<group>"; };
		9F3957652202B7A700F2E423 /* PruebaTodo1UITests.xctest */ = {isa = PBXFileReference; explicitFileType = wrapper.cfbundle; includeInIndex = 0; path = PruebaTodo1UITests.xctest; sourceTree = BUILT_PRODUCTS_DIR; };
		9F3957692202B7A700F2E423 /* PruebaTodo1UITests.m */ = {isa = PBXFileReference; lastKnownFileType = sourcecode.c.objc; path = PruebaTodo1UITests.m; sourceTree = "<group>"; };
		9F39576B2202B7A700F2E423 /* Info.plist */ = {isa = PBXFileReference; lastKnownFileType = text.plist.xml; path = Info.plist; sourceTree = "<group>"; };
		9F3957832202BD6500F2E423 /* HomeViewController.h */ = {isa = PBXFileReference; lastKnownFileType = sourcecode.c.h; path = HomeViewController.h; sourceTree = "<group>"; };
		9F3957842202BD6500F2E423 /* HomeViewController.m */ = {isa = PBXFileReference; lastKnownFileType = sourcecode.c.objc; path = HomeViewController.m; sourceTree = "<group>"; };
		9F3957892202D41700F2E423 /* ListResultTableViewController.h */ = {isa = PBXFileReference; lastKnownFileType = sourcecode.c.h; path = ListResultTableViewController.h; sourceTree = "<group>"; };
		9F39578A2202D41700F2E423 /* ListResultTableViewController.m */ = {isa = PBXFileReference; lastKnownFileType = sourcecode.c.objc; path = ListResultTableViewController.m; sourceTree = "<group>"; };
		9F39578C2202E60700F2E423 /* GameDetailTableViewController.h */ = {isa = PBXFileReference; lastKnownFileType = sourcecode.c.h; path = GameDetailTableViewController.h; sourceTree = "<group>"; };
		9F39578D2202E60700F2E423 /* GameDetailTableViewController.m */ = {isa = PBXFileReference; lastKnownFileType = sourcecode.c.objc; path = GameDetailTableViewController.m; sourceTree = "<group>"; };
		9F3957902202ED9C00F2E423 /* SearchTableViewCell.h */ = {isa = PBXFileReference; lastKnownFileType = sourcecode.c.h; path = SearchTableViewCell.h; sourceTree = "<group>"; };
		9F3957912202ED9C00F2E423 /* SearchTableViewCell.m */ = {isa = PBXFileReference; lastKnownFileType = sourcecode.c.objc; path = SearchTableViewCell.m; sourceTree = "<group>"; };
		9F3957932202EDB500F2E423 /* ImageTableViewCell.h */ = {isa = PBXFileReference; lastKnownFileType = sourcecode.c.h; path = ImageTableViewCell.h; sourceTree = "<group>"; };
		9F3957942202EDB500F2E423 /* ImageTableViewCell.m */ = {isa = PBXFileReference; lastKnownFileType = sourcecode.c.objc; path = ImageTableViewCell.m; sourceTree = "<group>"; };
		9F3957962202EDC700F2E423 /* PropertiesTableViewCell.h */ = {isa = PBXFileReference; lastKnownFileType = sourcecode.c.h; path = PropertiesTableViewCell.h; sourceTree = "<group>"; };
		9F3957972202EDC700F2E423 /* PropertiesTableViewCell.m */ = {isa = PBXFileReference; lastKnownFileType = sourcecode.c.objc; path = PropertiesTableViewCell.m; sourceTree = "<group>"; };
		9F3957992202EDDC00F2E423 /* DescriptionTableViewCell.h */ = {isa = PBXFileReference; lastKnownFileType = sourcecode.c.h; path = DescriptionTableViewCell.h; sourceTree = "<group>"; };
		9F39579A2202EDDC00F2E423 /* DescriptionTableViewCell.m */ = {isa = PBXFileReference; lastKnownFileType = sourcecode.c.objc; path = DescriptionTableViewCell.m; sourceTree = "<group>"; };
		9F39579C2202EDE800F2E423 /* ShareTableViewCell.h */ = {isa = PBXFileReference; lastKnownFileType = sourcecode.c.h; path = ShareTableViewCell.h; sourceTree = "<group>"; };
		9F39579D2202EDE800F2E423 /* ShareTableViewCell.m */ = {isa = PBXFileReference; lastKnownFileType = sourcecode.c.objc; path = ShareTableViewCell.m; sourceTree = "<group>"; };
/* End PBXFileReference section */

/* Begin PBXFrameworksBuildPhase section */
		9F39573C2202B7A700F2E423 /* Frameworks */ = {
			isa = PBXFrameworksBuildPhase;
			buildActionMask = 2147483647;
			files = (
			);
			runOnlyForDeploymentPostprocessing = 0;
		};
		9F3957572202B7A700F2E423 /* Frameworks */ = {
			isa = PBXFrameworksBuildPhase;
			buildActionMask = 2147483647;
			files = (
			);
			runOnlyForDeploymentPostprocessing = 0;
		};
		9F3957622202B7A700F2E423 /* Frameworks */ = {
			isa = PBXFrameworksBuildPhase;
			buildActionMask = 2147483647;
			files = (
			);
			runOnlyForDeploymentPostprocessing = 0;
		};
/* End PBXFrameworksBuildPhase section */

/* Begin PBXGroup section */
		9F3957362202B7A700F2E423 = {
			isa = PBXGroup;
			children = (
				9F3957412202B7A700F2E423 /* PruebaTodo1 */,
				9F39575D2202B7A700F2E423 /* PruebaTodo1Tests */,
				9F3957682202B7A700F2E423 /* PruebaTodo1UITests */,
				9F3957402202B7A700F2E423 /* Products */,
			);
			sourceTree = "<group>";
		};
		9F3957402202B7A700F2E423 /* Products */ = {
			isa = PBXGroup;
			children = (
				9F39573F2202B7A700F2E423 /* PruebaTodo1.app */,
				9F39575A2202B7A700F2E423 /* PruebaTodo1Tests.xctest */,
				9F3957652202B7A700F2E423 /* PruebaTodo1UITests.xctest */,
			);
			name = Products;
			sourceTree = "<group>";
		};
		9F3957412202B7A700F2E423 /* PruebaTodo1 */ = {
			isa = PBXGroup;
			children = (
				9F3957822202BC4300F2E423 /* IO */,
				9F39577E2202BBDA00F2E423 /* UI */,
				9F3957772202BA7F00F2E423 /* Domain */,
				9F3957422202B7A700F2E423 /* AppDelegate.h */,
				9F3957432202B7A700F2E423 /* AppDelegate.m */,
				9F3957482202B7A700F2E423 /* Main.storyboard */,
				9F39574E2202B7A700F2E423 /* Assets.xcassets */,
				9F3957502202B7A700F2E423 /* LaunchScreen.storyboard */,
				9F3957532202B7A700F2E423 /* Info.plist */,
				9F3957542202B7A700F2E423 /* main.m */,
				9F39574B2202B7A700F2E423 /* PruebaTodo1.xcdatamodeld */,
			);
			path = PruebaTodo1;
			sourceTree = "<group>";
		};
		9F39575D2202B7A700F2E423 /* PruebaTodo1Tests */ = {
			isa = PBXGroup;
			children = (
				9F39575E2202B7A700F2E423 /* PruebaTodo1Tests.m */,
				9F3957602202B7A700F2E423 /* Info.plist */,
			);
			path = PruebaTodo1Tests;
			sourceTree = "<group>";
		};
		9F3957682202B7A700F2E423 /* PruebaTodo1UITests */ = {
			isa = PBXGroup;
			children = (
				9F3957692202B7A700F2E423 /* PruebaTodo1UITests.m */,
				9F39576B2202B7A700F2E423 /* Info.plist */,
			);
			path = PruebaTodo1UITests;
			sourceTree = "<group>";
		};
		9F3957772202BA7F00F2E423 /* Domain */ = {
			isa = PBXGroup;
			children = (
			);
			path = Domain;
			sourceTree = "<group>";
		};
		9F39577E2202BBDA00F2E423 /* UI */ = {
			isa = PBXGroup;
			children = (
				9F39578F2202EC5C00F2E423 /* CustomCells */,
				9F3957832202BD6500F2E423 /* HomeViewController.h */,
				9F3957842202BD6500F2E423 /* HomeViewController.m */,
				9F3957892202D41700F2E423 /* ListResultTableViewController.h */,
				9F39578A2202D41700F2E423 /* ListResultTableViewController.m */,
				9F39578C2202E60700F2E423 /* GameDetailTableViewController.h */,
				9F39578D2202E60700F2E423 /* GameDetailTableViewController.m */,
			);
			path = UI;
			sourceTree = "<group>";
		};
		9F3957822202BC4300F2E423 /* IO */ = {
			isa = PBXGroup;
			children = (
			);
			path = IO;
			sourceTree = "<group>";
		};
		9F39578F2202EC5C00F2E423 /* CustomCells */ = {
			isa = PBXGroup;
			children = (
				9F3957902202ED9C00F2E423 /* SearchTableViewCell.h */,
				9F3957912202ED9C00F2E423 /* SearchTableViewCell.m */,
				9F3957932202EDB500F2E423 /* ImageTableViewCell.h */,
				9F3957942202EDB500F2E423 /* ImageTableViewCell.m */,
				9F3957962202EDC700F2E423 /* PropertiesTableViewCell.h */,
				9F3957972202EDC700F2E423 /* PropertiesTableViewCell.m */,
				9F3957992202EDDC00F2E423 /* DescriptionTableViewCell.h */,
				9F39579A2202EDDC00F2E423 /* DescriptionTableViewCell.m */,
				9F39579C2202EDE800F2E423 /* ShareTableViewCell.h */,
				9F39579D2202EDE800F2E423 /* ShareTableViewCell.m */,
			);
			path = CustomCells;
			sourceTree = "<group>";
		};
/* End PBXGroup section */

/* Begin PBXNativeTarget section */
		9F39573E2202B7A700F2E423 /* PruebaTodo1 */ = {
			isa = PBXNativeTarget;
			buildConfigurationList = 9F39576E2202B7A700F2E423 /* Build configuration list for PBXNativeTarget "PruebaTodo1" */;
			buildPhases = (
				9F39573B2202B7A700F2E423 /* Sources */,
				9F39573C2202B7A700F2E423 /* Frameworks */,
				9F39573D2202B7A700F2E423 /* Resources */,
			);
			buildRules = (
			);
			dependencies = (
			);
			name = PruebaTodo1;
			productName = PruebaTodo1;
			productReference = 9F39573F2202B7A700F2E423 /* PruebaTodo1.app */;
			productType = "com.apple.product-type.application";
		};
		9F3957592202B7A700F2E423 /* PruebaTodo1Tests */ = {
			isa = PBXNativeTarget;
			buildConfigurationList = 9F3957712202B7A700F2E423 /* Build configuration list for PBXNativeTarget "PruebaTodo1Tests" */;
			buildPhases = (
				9F3957562202B7A700F2E423 /* Sources */,
				9F3957572202B7A700F2E423 /* Frameworks */,
				9F3957582202B7A700F2E423 /* Resources */,
			);
			buildRules = (
			);
			dependencies = (
				9F39575C2202B7A700F2E423 /* PBXTargetDependency */,
			);
			name = PruebaTodo1Tests;
			productName = PruebaTodo1Tests;
			productReference = 9F39575A2202B7A700F2E423 /* PruebaTodo1Tests.xctest */;
			productType = "com.apple.product-type.bundle.unit-test";
		};
		9F3957642202B7A700F2E423 /* PruebaTodo1UITests */ = {
			isa = PBXNativeTarget;
			buildConfigurationList = 9F3957742202B7A700F2E423 /* Build configuration list for PBXNativeTarget "PruebaTodo1UITests" */;
			buildPhases = (
				9F3957612202B7A700F2E423 /* Sources */,
				9F3957622202B7A700F2E423 /* Frameworks */,
				9F3957632202B7A700F2E423 /* Resources */,
			);
			buildRules = (
			);
			dependencies = (
				9F3957672202B7A700F2E423 /* PBXTargetDependency */,
			);
			name = PruebaTodo1UITests;
			productName = PruebaTodo1UITests;
			productReference = 9F3957652202B7A700F2E423 /* PruebaTodo1UITests.xctest */;
			productType = "com.apple.product-type.bundle.ui-testing";
		};
/* End PBXNativeTarget section */

/* Begin PBXProject section */
		9F3957372202B7A700F2E423 /* Project object */ = {
			isa = PBXProject;
			attributes = {
				LastUpgradeCheck = 1010;
				ORGANIZATIONNAME = "Gustavo Adolfo Botero Arango";
				TargetAttributes = {
					9F39573E2202B7A700F2E423 = {
						CreatedOnToolsVersion = 10.1;
					};
					9F3957592202B7A700F2E423 = {
						CreatedOnToolsVersion = 10.1;
						TestTargetID = 9F39573E2202B7A700F2E423;
					};
					9F3957642202B7A700F2E423 = {
						CreatedOnToolsVersion = 10.1;
						TestTargetID = 9F39573E2202B7A700F2E423;
					};
				};
			};
			buildConfigurationList = 9F39573A2202B7A700F2E423 /* Build configuration list for PBXProject "PruebaTodo1" */;
			compatibilityVersion = "Xcode 9.3";
			developmentRegion = en;
			hasScannedForEncodings = 0;
			knownRegions = (
				en,
				Base,
			);
			mainGroup = 9F3957362202B7A700F2E423;
			productRefGroup = 9F3957402202B7A700F2E423 /* Products */;
			projectDirPath = "";
			projectRoot = "";
			targets = (
				9F39573E2202B7A700F2E423 /* PruebaTodo1 */,
				9F3957592202B7A700F2E423 /* PruebaTodo1Tests */,
				9F3957642202B7A700F2E423 /* PruebaTodo1UITests */,
			);
		};
/* End PBXProject section */

/* Begin PBXResourcesBuildPhase section */
		9F39573D2202B7A700F2E423 /* Resources */ = {
			isa = PBXResourcesBuildPhase;
			buildActionMask = 2147483647;
			files = (
				9F3957522202B7A700F2E423 /* LaunchScreen.storyboard in Resources */,
				9F39574F2202B7A700F2E423 /* Assets.xcassets in Resources */,
				9F39574A2202B7A700F2E423 /* Main.storyboard in Resources */,
			);
			runOnlyForDeploymentPostprocessing = 0;
		};
		9F3957582202B7A700F2E423 /* Resources */ = {
			isa = PBXResourcesBuildPhase;
			buildActionMask = 2147483647;
			files = (
			);
			runOnlyForDeploymentPostprocessing = 0;
		};
		9F3957632202B7A700F2E423 /* Resources */ = {
			isa = PBXResourcesBuildPhase;
			buildActionMask = 2147483647;
			files = (
			);
			runOnlyForDeploymentPostprocessing = 0;
		};
/* End PBXResourcesBuildPhase section */

/* Begin PBXSourcesBuildPhase section */
		9F39573B2202B7A700F2E423 /* Sources */ = {
			isa = PBXSourcesBuildPhase;
			buildActionMask = 2147483647;
			files = (
				9F39579E2202EDE800F2E423 /* ShareTableViewCell.m in Sources */,
				9F39578E2202E60700F2E423 /* GameDetailTableViewController.m in Sources */,
				9F39574D2202B7A700F2E423 /* PruebaTodo1.xcdatamodeld in Sources */,
				9F3957552202B7A700F2E423 /* main.m in Sources */,
				9F39578B2202D41700F2E423 /* ListResultTableViewController.m in Sources */,
				9F39579B2202EDDC00F2E423 /* DescriptionTableViewCell.m in Sources */,
				9F3957852202BD6500F2E423 /* HomeViewController.m in Sources */,
				9F3957952202EDB500F2E423 /* ImageTableViewCell.m in Sources */,
				9F3957922202ED9C00F2E423 /* SearchTableViewCell.m in Sources */,
				9F3957442202B7A700F2E423 /* AppDelegate.m in Sources */,
				9F3957982202EDC700F2E423 /* PropertiesTableViewCell.m in Sources */,
			);
			runOnlyForDeploymentPostprocessing = 0;
		};
		9F3957562202B7A700F2E423 /* Sources */ = {
			isa = PBXSourcesBuildPhase;
			buildActionMask = 2147483647;
			files = (
				9F39575F2202B7A700F2E423 /* PruebaTodo1Tests.m in Sources */,
			);
			runOnlyForDeploymentPostprocessing = 0;
		};
		9F3957612202B7A700F2E423 /* Sources */ = {
			isa = PBXSourcesBuildPhase;
			buildActionMask = 2147483647;
			files = (
				9F39576A2202B7A700F2E423 /* PruebaTodo1UITests.m in Sources */,
			);
			runOnlyForDeploymentPostprocessing = 0;
		};
/* End PBXSourcesBuildPhase section */

/* Begin PBXTargetDependency section */
		9F39575C2202B7A700F2E423 /* PBXTargetDependency */ = {
			isa = PBXTargetDependency;
			target = 9F39573E2202B7A700F2E423 /* PruebaTodo1 */;
			targetProxy = 9F39575B2202B7A700F2E423 /* PBXContainerItemProxy */;
		};
		9F3957672202B7A700F2E423 /* PBXTargetDependency */ = {
			isa = PBXTargetDependency;
			target = 9F39573E2202B7A700F2E423 /* PruebaTodo1 */;
			targetProxy = 9F3957662202B7A700F2E423 /* PBXContainerItemProxy */;
		};
/* End PBXTargetDependency section */

/* Begin PBXVariantGroup section */
		9F3957482202B7A700F2E423 /* Main.storyboard */ = {
			isa = PBXVariantGroup;
			children = (
				9F3957492202B7A700F2E423 /* Base */,
			);
			name = Main.storyboard;
			sourceTree = "<group>";
		};
		9F3957502202B7A700F2E423 /* LaunchScreen.storyboard */ = {
			isa = PBXVariantGroup;
			children = (
				9F3957512202B7A700F2E423 /* Base */,
			);
			name = LaunchScreen.storyboard;
			sourceTree = "<group>";
		};
/* End PBXVariantGroup section */

/* Begin XCBuildConfiguration section */
		9F39576C2202B7A700F2E423 /* Debug */ = {
			isa = XCBuildConfiguration;
			buildSettings = {
				ALWAYS_SEARCH_USER_PATHS = NO;
				CLANG_ANALYZER_NONNULL = YES;
				CLANG_ANALYZER_NUMBER_OBJECT_CONVERSION = YES_AGGRESSIVE;
				CLANG_CXX_LANGUAGE_STANDARD = "gnu++14";
				CLANG_CXX_LIBRARY = "libc++";
				CLANG_ENABLE_MODULES = YES;
				CLANG_ENABLE_OBJC_ARC = YES;
				CLANG_ENABLE_OBJC_WEAK = YES;
				CLANG_WARN_BLOCK_CAPTURE_AUTORELEASING = YES;
				CLANG_WARN_BOOL_CONVERSION = YES;
				CLANG_WARN_COMMA = YES;
				CLANG_WARN_CONSTANT_CONVERSION = YES;
				CLANG_WARN_DEPRECATED_OBJC_IMPLEMENTATIONS = YES;
				CLANG_WARN_DIRECT_OBJC_ISA_USAGE = YES_ERROR;
				CLANG_WARN_DOCUMENTATION_COMMENTS = YES;
				CLANG_WARN_EMPTY_BODY = YES;
				CLANG_WARN_ENUM_CONVERSION = YES;
				CLANG_WARN_INFINITE_RECURSION = YES;
				CLANG_WARN_INT_CONVERSION = YES;
				CLANG_WARN_NON_LITERAL_NULL_CONVERSION = YES;
				CLANG_WARN_OBJC_IMPLICIT_RETAIN_SELF = YES;
				CLANG_WARN_OBJC_LITERAL_CONVERSION = YES;
				CLANG_WARN_OBJC_ROOT_CLASS = YES_ERROR;
				CLANG_WARN_RANGE_LOOP_ANALYSIS = YES;
				CLANG_WARN_STRICT_PROTOTYPES = YES;
				CLANG_WARN_SUSPICIOUS_MOVE = YES;
				CLANG_WARN_UNGUARDED_AVAILABILITY = YES_AGGRESSIVE;
				CLANG_WARN_UNREACHABLE_CODE = YES;
				CLANG_WARN__DUPLICATE_METHOD_MATCH = YES;
				CODE_SIGN_IDENTITY = "iPhone Developer";
				COPY_PHASE_STRIP = NO;
				DEBUG_INFORMATION_FORMAT = dwarf;
				ENABLE_STRICT_OBJC_MSGSEND = YES;
				ENABLE_TESTABILITY = YES;
				GCC_C_LANGUAGE_STANDARD = gnu11;
				GCC_DYNAMIC_NO_PIC = NO;
				GCC_NO_COMMON_BLOCKS = YES;
				GCC_OPTIMIZATION_LEVEL = 0;
				GCC_PREPROCESSOR_DEFINITIONS = (
					"DEBUG=1",
					"$(inherited)",
				);
				GCC_WARN_64_TO_32_BIT_CONVERSION = YES;
				GCC_WARN_ABOUT_RETURN_TYPE = YES_ERROR;
				GCC_WARN_UNDECLARED_SELECTOR = YES;
				GCC_WARN_UNINITIALIZED_AUTOS = YES_AGGRESSIVE;
				GCC_WARN_UNUSED_FUNCTION = YES;
				GCC_WARN_UNUSED_VARIABLE = YES;
				IPHONEOS_DEPLOYMENT_TARGET = 12.1;
				MTL_ENABLE_DEBUG_INFO = INCLUDE_SOURCE;
				MTL_FAST_MATH = YES;
				ONLY_ACTIVE_ARCH = YES;
				SDKROOT = iphoneos;
			};
			name = Debug;
		};
		9F39576D2202B7A700F2E423 /* Release */ = {
			isa = XCBuildConfiguration;
			buildSettings = {
				ALWAYS_SEARCH_USER_PATHS = NO;
				CLANG_ANALYZER_NONNULL = YES;
				CLANG_ANALYZER_NUMBER_OBJECT_CONVERSION = YES_AGGRESSIVE;
				CLANG_CXX_LANGUAGE_STANDARD = "gnu++14";
				CLANG_CXX_LIBRARY = "libc++";
				CLANG_ENABLE_MODULES = YES;
				CLANG_ENABLE_OBJC_ARC = YES;
				CLANG_ENABLE_OBJC_WEAK = YES;
				CLANG_WARN_BLOCK_CAPTURE_AUTORELEASING = YES;
				CLANG_WARN_BOOL_CONVERSION = YES;
				CLANG_WARN_COMMA = YES;
				CLANG_WARN_CONSTANT_CONVERSION = YES;
				CLANG_WARN_DEPRECATED_OBJC_IMPLEMENTATIONS = YES;
				CLANG_WARN_DIRECT_OBJC_ISA_USAGE = YES_ERROR;
				CLANG_WARN_DOCUMENTATION_COMMENTS = YES;
				CLANG_WARN_EMPTY_BODY = YES;
				CLANG_WARN_ENUM_CONVERSION = YES;
				CLANG_WARN_INFINITE_RECURSION = YES;
				CLANG_WARN_INT_CONVERSION = YES;
				CLANG_WARN_NON_LITERAL_NULL_CONVERSION = YES;
				CLANG_WARN_OBJC_IMPLICIT_RETAIN_SELF = YES;
				CLANG_WARN_OBJC_LITERAL_CONVERSION = YES;
				CLANG_WARN_OBJC_ROOT_CLASS = YES_ERROR;
				CLANG_WARN_RANGE_LOOP_ANALYSIS = YES;
				CLANG_WARN_STRICT_PROTOTYPES = YES;
				CLANG_WARN_SUSPICIOUS_MOVE = YES;
				CLANG_WARN_UNGUARDED_AVAILABILITY = YES_AGGRESSIVE;
				CLANG_WARN_UNREACHABLE_CODE = YES;
				CLANG_WARN__DUPLICATE_METHOD_MATCH = YES;
				CODE_SIGN_IDENTITY = "iPhone Developer";
				COPY_PHASE_STRIP = NO;
				DEBUG_INFORMATION_FORMAT = "dwarf-with-dsym";
				ENABLE_NS_ASSERTIONS = NO;
				ENABLE_STRICT_OBJC_MSGSEND = YES;
				GCC_C_LANGUAGE_STANDARD = gnu11;
				GCC_NO_COMMON_BLOCKS = YES;
				GCC_WARN_64_TO_32_BIT_CONVERSION = YES;
				GCC_WARN_ABOUT_RETURN_TYPE = YES_ERROR;
				GCC_WARN_UNDECLARED_SELECTOR = YES;
				GCC_WARN_UNINITIALIZED_AUTOS = YES_AGGRESSIVE;
				GCC_WARN_UNUSED_FUNCTION = YES;
				GCC_WARN_UNUSED_VARIABLE = YES;
				IPHONEOS_DEPLOYMENT_TARGET = 12.1;
				MTL_ENABLE_DEBUG_INFO = NO;
				MTL_FAST_MATH = YES;
				SDKROOT = iphoneos;
				VALIDATE_PRODUCT = YES;
			};
			name = Release;
		};
		9F39576F2202B7A700F2E423 /* Debug */ = {
			isa = XCBuildConfiguration;
			buildSettings = {
				ASSETCATALOG_COMPILER_APPICON_NAME = AppIcon;
				CODE_SIGN_STYLE = Automatic;
				DEVELOPMENT_TEAM = BGA895CU8H;
				INFOPLIST_FILE = PruebaTodo1/Info.plist;
				LD_RUNPATH_SEARCH_PATHS = (
					"$(inherited)",
					"@executable_path/Frameworks",
				);
				PRODUCT_BUNDLE_IDENTIFIER = gustavo.PruebaTodo1;
				PRODUCT_NAME = "$(TARGET_NAME)";
				TARGETED_DEVICE_FAMILY = "1,2";
			};
			name = Debug;
		};
		9F3957702202B7A700F2E423 /* Release */ = {
			isa = XCBuildConfiguration;
			buildSettings = {
				ASSETCATALOG_COMPILER_APPICON_NAME = AppIcon;
				CODE_SIGN_STYLE = Automatic;
				DEVELOPMENT_TEAM = BGA895CU8H;
				INFOPLIST_FILE = PruebaTodo1/Info.plist;
				LD_RUNPATH_SEARCH_PATHS = (
					"$(inherited)",
					"@executable_path/Frameworks",
				);
				PRODUCT_BUNDLE_IDENTIFIER = gustavo.PruebaTodo1;
				PRODUCT_NAME = "$(TARGET_NAME)";
				TARGETED_DEVICE_FAMILY = "1,2";
			};
			name = Release;
		};
		9F3957722202B7A700F2E423 /* Debug */ = {
			isa = XCBuildConfiguration;
			buildSettings = {
				BUNDLE_LOADER = "$(TEST_HOST)";
				CODE_SIGN_STYLE = Automatic;
				DEVELOPMENT_TEAM = BGA895CU8H;
				INFOPLIST_FILE = PruebaTodo1Tests/Info.plist;
				LD_RUNPATH_SEARCH_PATHS = (
					"$(inherited)",
					"@executable_path/Frameworks",
					"@loader_path/Frameworks",
				);
				PRODUCT_BUNDLE_IDENTIFIER = gustavo.PruebaTodo1Tests;
				PRODUCT_NAME = "$(TARGET_NAME)";
				TARGETED_DEVICE_FAMILY = "1,2";
				TEST_HOST = "$(BUILT_PRODUCTS_DIR)/PruebaTodo1.app/PruebaTodo1";
			};
			name = Debug;
		};
		9F3957732202B7A700F2E423 /* Release */ = {
			isa = XCBuildConfiguration;
			buildSettings = {
				BUNDLE_LOADER = "$(TEST_HOST)";
				CODE_SIGN_STYLE = Automatic;
				DEVELOPMENT_TEAM = BGA895CU8H;
				INFOPLIST_FILE = PruebaTodo1Tests/Info.plist;
				LD_RUNPATH_SEARCH_PATHS = (
					"$(inherited)",
					"@executable_path/Frameworks",
					"@loader_path/Frameworks",
				);
				PRODUCT_BUNDLE_IDENTIFIER = gustavo.PruebaTodo1Tests;
				PRODUCT_NAME = "$(TARGET_NAME)";
				TARGETED_DEVICE_FAMILY = "1,2";
				TEST_HOST = "$(BUILT_PRODUCTS_DIR)/PruebaTodo1.app/PruebaTodo1";
			};
			name = Release;
		};
		9F3957752202B7A700F2E423 /* Debug */ = {
			isa = XCBuildConfiguration;
			buildSettings = {
				CODE_SIGN_STYLE = Automatic;
				DEVELOPMENT_TEAM = BGA895CU8H;
				INFOPLIST_FILE = PruebaTodo1UITests/Info.plist;
				LD_RUNPATH_SEARCH_PATHS = (
					"$(inherited)",
					"@executable_path/Frameworks",
					"@loader_path/Frameworks",
				);
				PRODUCT_BUNDLE_IDENTIFIER = gustavo.PruebaTodo1UITests;
				PRODUCT_NAME = "$(TARGET_NAME)";
				TARGETED_DEVICE_FAMILY = "1,2";
				TEST_TARGET_NAME = PruebaTodo1;
			};
			name = Debug;
		};
		9F3957762202B7A700F2E423 /* Release */ = {
			isa = XCBuildConfiguration;
			buildSettings = {
				CODE_SIGN_STYLE = Automatic;
				DEVELOPMENT_TEAM = BGA895CU8H;
				INFOPLIST_FILE = PruebaTodo1UITests/Info.plist;
				LD_RUNPATH_SEARCH_PATHS = (
					"$(inherited)",
					"@executable_path/Frameworks",
					"@loader_path/Frameworks",
				);
				PRODUCT_BUNDLE_IDENTIFIER = gustavo.PruebaTodo1UITests;
				PRODUCT_NAME = "$(TARGET_NAME)";
				TARGETED_DEVICE_FAMILY = "1,2";
				TEST_TARGET_NAME = PruebaTodo1;
			};
			name = Release;
		};
/* End XCBuildConfiguration section */

/* Begin XCConfigurationList section */
		9F39573A2202B7A700F2E423 /* Build configuration list for PBXProject "PruebaTodo1" */ = {
			isa = XCConfigurationList;
			buildConfigurations = (
				9F39576C2202B7A700F2E423 /* Debug */,
				9F39576D2202B7A700F2E423 /* Release */,
			);
			defaultConfigurationIsVisible = 0;
			defaultConfigurationName = Release;
		};
		9F39576E2202B7A700F2E423 /* Build configuration list for PBXNativeTarget "PruebaTodo1" */ = {
			isa = XCConfigurationList;
			buildConfigurations = (
				9F39576F2202B7A700F2E423 /* Debug */,
				9F3957702202B7A700F2E423 /* Release */,
			);
			defaultConfigurationIsVisible = 0;
			defaultConfigurationName = Release;
		};
		9F3957712202B7A700F2E423 /* Build configuration list for PBXNativeTarget "PruebaTodo1Tests" */ = {
			isa = XCConfigurationList;
			buildConfigurations = (
				9F3957722202B7A700F2E423 /* Debug */,
				9F3957732202B7A700F2E423 /* Release */,
			);
			defaultConfigurationIsVisible = 0;
			defaultConfigurationName = Release;
		};
		9F3957742202B7A700F2E423 /* Build configuration list for PBXNativeTarget "PruebaTodo1UITests" */ = {
			isa = XCConfigurationList;
			buildConfigurations = (
				9F3957752202B7A700F2E423 /* Debug */,
				9F3957762202B7A700F2E423 /* Release */,
			);
			defaultConfigurationIsVisible = 0;
			defaultConfigurationName = Release;
		};
/* End XCConfigurationList section */

/* Begin XCVersionGroup section */
		9F39574B2202B7A700F2E423 /* PruebaTodo1.xcdatamodeld */ = {
			isa = XCVersionGroup;
			children = (
				9F39574C2202B7A700F2E423 /* PruebaTodo1.xcdatamodel */,
			);
			currentVersion = 9F39574C2202B7A700F2E423 /* PruebaTodo1.xcdatamodel */;
			path = PruebaTodo1.xcdatamodeld;
			sourceTree = "<group>";
			versionGroupType = wrapper.xcdatamodel;
		};
/* End XCVersionGroup section */
	};
	rootObject = 9F3957372202B7A700F2E423 /* Project object */;
}
